schema: '2.0'
stages:
  fetch_coco:
    cmd: mc cp -r local/datasets/Coco2017/annotations standard/coco
    outs:
    - path: standard/coco
      hash: md5
      md5: 2cab32b19edd5589989ffd05061c2ae2.dir
      size: 3540461100
      nfiles: 4
  fetch@aic:
    cmd: python -c "import subprocess, os, json; src = 
      'minio/datasets/AIC/annotations'; dst = 'standard/aic'; os.makedirs(dst, 
      exist_ok=True); r = subprocess.run(['mc', 'ls', '--json', src], 
      capture_output=True, text=True, check=True); files = [json.loads(l)['key']
      for l in r.stdout.splitlines() if l.strip() and json.loads(l).get('key', 
      '').endswith('.json')]; [subprocess.run(['mc', 'cp', src.rstrip('/') + '/'
      + f, dst], check=True) for f in files] "
    outs:
    - path: standard/aic
      hash: md5
      md5: 34fb9cfc14d900ca130a3072c98791c5.dir
      size: 608702372
      nfiles: 2
  fetch@coco:
    cmd: python -c "import subprocess, os, json; src = 
      'minio/datasets/Coco2017/annotations'; dst = 'standard/coco'; 
      os.makedirs(dst, exist_ok=True); r = subprocess.run(['mc', 'ls', '--json',
      src], capture_output=True, text=True, check=True); files = 
      [json.loads(l)['key'] for l in r.stdout.splitlines() if l.strip() and 
      json.loads(l).get('key', '').endswith('.json')]; [subprocess.run(['mc', 
      'cp', src.rstrip('/') + '/' + f, dst], check=True) for f in files] "
    outs:
    - path: standard/coco
      hash: md5
      md5: 312cb9d8160c8cd586f864148206a620.dir
      size: 3540461100
      nfiles: 4
  fetch@cofw:
    cmd: python -c "import subprocess, os, json; src = 
      'minio/datasets/COFW/annotations'; dst = 'standard/cofw'; os.makedirs(dst,
      exist_ok=True); r = subprocess.run(['mc', 'ls', '--json', src], 
      capture_output=True, text=True, check=True); files = [json.loads(l)['key']
      for l in r.stdout.splitlines() if l.strip() and json.loads(l).get('key', 
      '').endswith('.json')]; [subprocess.run(['mc', 'cp', src.rstrip('/') + '/'
      + f, dst], check=True) for f in files] "
    outs:
    - path: standard/cofw
      hash: md5
      md5: e97449829549b351904a87b4a2fbe360.dir
      size: 2779273
      nfiles: 2
  fetch@crowdpose:
    cmd: python -c "import subprocess, os, json; src = 
      'minio/datasets/CrowdPose/annotations'; dst = 'standard/crowdpose'; 
      os.makedirs(dst, exist_ok=True); r = subprocess.run(['mc', 'ls', '--json',
      src], capture_output=True, text=True, check=True); files = 
      [json.loads(l)['key'] for l in r.stdout.splitlines() if l.strip() and 
      json.loads(l).get('key', '').endswith('.json')]; [subprocess.run(['mc', 
      'cp', src.rstrip('/') + '/' + f, dst], check=True) for f in files] "
    outs:
    - path: standard/crowdpose
      hash: md5
      md5: 527b0f31429c1e6dd51fa365e9ed1922.dir
      size: 121198844
      nfiles: 4
  fetch@halpe:
    cmd: python -c "import subprocess, os, json; src = 
      'minio/datasets/hico_20150920/annotations'; dst = 'standard/halpe'; 
      os.makedirs(dst, exist_ok=True); r = subprocess.run(['mc', 'ls', '--json',
      src], capture_output=True, text=True, check=True); files = 
      [json.loads(l)['key'] for l in r.stdout.splitlines() if l.strip() and 
      json.loads(l).get('key', '').endswith('.json')]; [subprocess.run(['mc', 
      'cp', src.rstrip('/') + '/' + f, dst], check=True) for f in files] "
    outs:
    - path: standard/halpe
      hash: md5
      md5: 0ee333e1935ca7a8c81ab2ca8d3b42dc.dir
      size: 292970800
      nfiles: 2
  fetch@humanart:
    cmd: python -c "import subprocess, os, json; src = 
      'minio/datasets/HumanArt/annotations'; dst = 'standard/humanart'; 
      os.makedirs(dst, exist_ok=True); r = subprocess.run(['mc', 'ls', '--json',
      src], capture_output=True, text=True, check=True); files = 
      [json.loads(l)['key'] for l in r.stdout.splitlines() if l.strip() and 
      json.loads(l).get('key', '').endswith('.json')]; [subprocess.run(['mc', 
      'cp', src.rstrip('/') + '/' + f, dst], check=True) for f in files] "
    outs:
    - path: standard/humanart
      hash: md5
      md5: 82772950a14f0e5cd6eaaefcfe69235b.dir
      size: 919947288
      nfiles: 44
  fetch@interhand26m:
    cmd: python -c "import subprocess, os, json; src = 
      'minio/datasets/InterHand2.6M/annotations'; dst = 'standard/interhand26m';
      os.makedirs(dst, exist_ok=True); r = subprocess.run(['mc', 'ls', '--json',
      src], capture_output=True, text=True, check=True); files = 
      [json.loads(l)['key'] for l in r.stdout.splitlines() if l.strip() and 
      json.loads(l).get('key', '').endswith('.json')]; [subprocess.run(['mc', 
      'cp', src.rstrip('/') + '/' + f, dst], check=True) for f in files] "
    outs:
    - path: standard/interhand26m
      hash: md5
      md5: d751713988987e9331980363e24189ce.dir
      size: 0
      nfiles: 0
  fetch@jhmdb:
    cmd: python -c "import subprocess, os, json; src = 
      'minio/datasets/JHMDB/annotations'; dst = 'standard/jhmdb'; 
      os.makedirs(dst, exist_ok=True); r = subprocess.run(['mc', 'ls', '--json',
      src], capture_output=True, text=True, check=True); files = 
      [json.loads(l)['key'] for l in r.stdout.splitlines() if l.strip() and 
      json.loads(l).get('key', '').endswith('.json')]; [subprocess.run(['mc', 
      'cp', src.rstrip('/') + '/' + f, dst], check=True) for f in files] "
    outs:
    - path: standard/jhmdb
      hash: md5
      md5: c19d3f5fe866a06dfb0df96f67b02489.dir
      size: 60929175
      nfiles: 6
  fetch@lapa:
    cmd: python -c "import subprocess, os, json; src = 
      'minio/datasets/LaPa/annotations'; dst = 'standard/lapa'; os.makedirs(dst,
      exist_ok=True); r = subprocess.run(['mc', 'ls', '--json', src], 
      capture_output=True, text=True, check=True); files = [json.loads(l)['key']
      for l in r.stdout.splitlines() if l.strip() and json.loads(l).get('key', 
      '').endswith('.json')]; [subprocess.run(['mc', 'cp', src.rstrip('/') + '/'
      + f, dst], check=True) for f in files] "
    outs:
    - path: standard/lapa
      hash: md5
      md5: b15a2acd1376a64f593ed6c4734c7a59.dir
      size: 97757553
      nfiles: 4
  fetch@mpii:
    cmd: python -c "import subprocess, os, json; src = 
      'minio/datasets/MPII/annotations'; dst = 'standard/mpii'; os.makedirs(dst,
      exist_ok=True); r = subprocess.run(['mc', 'ls', '--json', src], 
      capture_output=True, text=True, check=True); files = [json.loads(l)['key']
      for l in r.stdout.splitlines() if l.strip() and json.loads(l).get('key', 
      '').endswith('.json')]; [subprocess.run(['mc', 'cp', src.rstrip('/') + '/'
      + f, dst], check=True) for f in files] "
    outs:
    - path: standard/mpii
      hash: md5
      md5: 2fd6be673411d915fbce64d040007537.dir
      size: 76728721
      nfiles: 4
  fetch@ochuman:
    cmd: python -c "import subprocess, os, json; src = 
      'minio/datasets/OCHuman/annotations'; dst = 'standard/ochuman'; 
      os.makedirs(dst, exist_ok=True); r = subprocess.run(['mc', 'ls', '--json',
      src], capture_output=True, text=True, check=True); files = 
      [json.loads(l)['key'] for l in r.stdout.splitlines() if l.strip() and 
      json.loads(l).get('key', '').endswith('.json')]; [subprocess.run(['mc', 
      'cp', src.rstrip('/') + '/' + f, dst], check=True) for f in files] "
    outs:
    - path: standard/ochuman
      hash: md5
      md5: 1f3ca56ebb08111acf50371b4a2ae0ee.dir
      size: 72811598
      nfiles: 3
  fetch@ubody:
    cmd: python -c "import subprocess, os, json; src = 
      'minio/datasets/UBody/annotations'; dst = 'standard/ubody'; 
      os.makedirs(dst, exist_ok=True); r = subprocess.run(['mc', 'ls', '--json',
      src], capture_output=True, text=True, check=True); files = 
      [json.loads(l)['key'] for l in r.stdout.splitlines() if l.strip() and 
      json.loads(l).get('key', '').endswith('.json')]; [subprocess.run(['mc', 
      'cp', src.rstrip('/') + '/' + f, dst], check=True) for f in files] "
    outs:
    - path: standard/ubody
      hash: md5
      md5: 0cdef5acad65119d7babcc8f0d09bbf6.dir
      size: 3000128767
      nfiles: 2
  fetch@wflw:
    cmd: python -c "import subprocess, os, json; src = 
      'minio/datasets/WFLW/annotations'; dst = 'standard/wflw'; os.makedirs(dst,
      exist_ok=True); r = subprocess.run(['mc', 'ls', '--json', src], 
      capture_output=True, text=True, check=True); files = [json.loads(l)['key']
      for l in r.stdout.splitlines() if l.strip() and json.loads(l).get('key', 
      '').endswith('.json')]; [subprocess.run(['mc', 'cp', src.rstrip('/') + '/'
      + f, dst], check=True) for f in files] "
    outs:
    - path: standard/wflw
      hash: md5
      md5: 8839387270d7b5e836c59aed4bbe8dea.dir
      size: 40827875
      nfiles: 8
  convert_ls_to_coco:
    cmd: "python ../label_studio/tasks2json.py --root-dataset-path s3://datasets --output_folder
      labelstudio_anns/halpe26 --patterns \"^Pose Annotation*,^Foots Pose Annotation*\"\
      \n"
    deps:
    - path: ../label_studio/tasks2json.py
      hash: md5
      md5: 96b0af222be0e3905061f8820d9564a6
      size: 11949
    params:
      params.yaml:
        convert.ls_output_folder: labelstudio_anns/halpe26
        convert.search_patterns: ^Pose Annotation*,^Foots Pose Annotation*
    outs:
    - path: labelstudio_anns/halpe26
      hash: md5
      md5: 0296cd1e681b2f8b3a540df060521dd9.dir
      size: 9761397
      nfiles: 18
  split_coco:
    cmd: "python ../label_studio/coco_split.py  --annotations_dir labelstudio_anns/halpe26\
      \  --output_dir custom  --train_ratio 0.7  --val_ratio 0.2  --test_ratio 0.1\
      \  --seed 42  --patterns \"^Pose Annotation*,^Foots Pose Annotation*\" --split_mode
      images\n"
    deps:
    - path: ../label_studio/coco_split.py
      hash: md5
      md5: 3c756c10ddf9077921003b5999bc814a
      size: 10829
    - path: labelstudio_anns/halpe26
      hash: md5
      md5: 0296cd1e681b2f8b3a540df060521dd9.dir
      size: 9761397
      nfiles: 18
    params:
      params.yaml:
        convert.ls_output_folder: labelstudio_anns/halpe26
        convert.search_patterns: ^Pose Annotation*,^Foots Pose Annotation*
        convert.user_output_folder: custom
        split.mode: images
        split.seed: 42
        split.test_ratio: 0.1
        split.train_ratio: 0.7
        split.val_ratio: 0.2
    outs:
    - path: custom/test.json
      hash: md5
      md5: 903962f39e92224419e1e0d626ef171e
      size: 1006662
    - path: custom/train.json
      hash: md5
      md5: e24cb7869a020c77ce8f2e44ee174912
      size: 6797886
    - path: custom/val.json
      hash: md5
      md5: 0ce15667963bd05aacdac8b06d0d919a
      size: 1952500
